PODS:
  - PersonaClick (3.6.60)
  - Resolver (1.5.1)

DEPENDENCIES:
  - PersonaClick (from `https://github.com/PersonaClick/ios-sdk.git`, tag `3.6.60`)
  - Resolver

SPEC REPOS:
  trunk:
    - Resolver

EXTERNAL SOURCES:
  PersonaClick:
    :git: https://github.com/PersonaClick/ios-sdk.git
    :tag: 3.6.60

CHECKOUT OPTIONS:
  PersonaClick:
    :git: https://github.com/PersonaClick/ios-sdk.git
    :tag: 3.6.60

SPEC CHECKSUMS:
  PersonaClick: 4a62f920e702cb1d33e853a5e37e7ef409b76514
  Resolver: 0e2ce51257e9366c54afe1b9e9be25059e9b9300

PODFILE CHECKSUM: 515b0bd1709fd37ef8d45798e2c86e06049f03f7

COCOAPODS: 1.16.2
