PODS:
  - REES46 (3.6.35)
  - Resolver (1.5.1)

DEPENDENCIES:
  - REES46
  - Resolver

SPEC REPOS:
  trunk:
    - REES46
    - Resolver

SPEC CHECKSUMS:
  REES46: cf50b5822589059c72a3624bd8852e8c87d52f63
  Resolver: 0e2ce51257e9366c54afe1b9e9be25059e9b9300

PODFILE CHECKSUM: eed1d2ea9a11f652e2f856e2330abd5ec77a5365

COCOAPODS: 1.15.2
