PODS:
  - REES46 (3.6.19)

DEPENDENCIES:
  - REES46 (from `https://github.com/rees46/ios-sdk.git`, branch `master`, tag `3.6.19`)

EXTERNAL SOURCES:
  REES46:
    :branch: master
    :git: https://github.com/rees46/ios-sdk.git
    :tag: 3.6.19

CHECKOUT OPTIONS:
  REES46:
    :commit: a7dc0ba52750cc671ff34e5cbf52b98b0aae61d9
    :git: https://github.com/rees46/ios-sdk.git
    :tag: 3.6.19

SPEC CHECKSUMS:
  REES46: 687320dccba92b13654a5ea57c355bd1f0aed8eb

PODFILE CHECKSUM: 95734e4d6187b8b6d19278bbb7d9a6acdb94da14

COCOAPODS: 1.15.2
