// !$*UTF8*$!
{
	archiveVersion = 1;
	classes = {
	};
	objectVersion = 56;
	objects = {

/* Begin PBXBuildFile section */
		452CB1BD95293EB9465F6C4C /* Pods_demo_store_ios_demo_store_iosUITests.framework in Frameworks */ = {isa = PBXBuildFile; fileRef = CF343FE4C1EB44258E4142CD /* Pods_demo_store_ios_demo_store_iosUITests.framework */; };
		748A7C58839E67C62D21DB52 /* Pods_demo_store_iosTests.framework in Frameworks */ = {isa = PBXBuildFile; fileRef = 09908BAF81F91172D8D6062C /* Pods_demo_store_iosTests.framework */; };
		7559449F2C357E5C00C274C9 /* SplashScreenView.swift in Sources */ = {isa = PBXBuildFile; fileRef = 7559449E2C357E5C00C274C9 /* SplashScreenView.swift */; };
		755944A12C35822700C274C9 /* LaunchScreen.swift in Sources */ = {isa = PBXBuildFile; fileRef = 755944A02C35822700C274C9 /* LaunchScreen.swift */; };
		75A3F41E2C38065000AAC175 /* AppDelegate.swift in Sources */ = {isa = PBXBuildFile; fileRef = 75A3F41D2C38065000AAC175 /* AppDelegate.swift */; };
		75B935572C3564360063E814 /* DemoStoreApp.swift in Sources */ = {isa = PBXBuildFile; fileRef = 75B935562C3564360063E814 /* DemoStoreApp.swift */; };
		75B935592C3564360063E814 /* ContentView.swift in Sources */ = {isa = PBXBuildFile; fileRef = 75B935582C3564360063E814 /* ContentView.swift */; };
		75B9355B2C3564370063E814 /* Assets.xcassets in Resources */ = {isa = PBXBuildFile; fileRef = 75B9355A2C3564370063E814 /* Assets.xcassets */; };
		75B9355E2C3564370063E814 /* Preview Assets.xcassets in Resources */ = {isa = PBXBuildFile; fileRef = 75B9355D2C3564370063E814 /* Preview Assets.xcassets */; };
		75B935682C3564370063E814 /* DemoStoreTests.swift in Sources */ = {isa = PBXBuildFile; fileRef = 75B935672C3564370063E814 /* DemoStoreTests.swift */; };
		75B935722C3564370063E814 /* DemoStoreUITests.swift in Sources */ = {isa = PBXBuildFile; fileRef = 75B935712C3564370063E814 /* DemoStoreUITests.swift */; };
		75B935742C3564370063E814 /* DemoStoreUITestsLaunchTests.swift in Sources */ = {isa = PBXBuildFile; fileRef = 75B935732C3564370063E814 /* DemoStoreUITestsLaunchTests.swift */; };
		75ECCD0B2C36BDF500D6D346 /* MainScreenView.swift in Sources */ = {isa = PBXBuildFile; fileRef = 75ECCD0A2C36BDF500D6D346 /* MainScreenView.swift */; };
		75ECCD102C36BE2000D6D346 /* CatalogScreenView.swift in Sources */ = {isa = PBXBuildFile; fileRef = 75ECCD0F2C36BE2000D6D346 /* CatalogScreenView.swift */; };
		75ECCD122C36BE2D00D6D346 /* CartScreenView.swift in Sources */ = {isa = PBXBuildFile; fileRef = 75ECCD112C36BE2D00D6D346 /* CartScreenView.swift */; };
		75ECCD142C36BE4300D6D346 /* SettingsScreenView.swift in Sources */ = {isa = PBXBuildFile; fileRef = 75ECCD132C36BE4300D6D346 /* SettingsScreenView.swift */; };
		75ECCD172C36D6D000D6D346 /* Localizable.xcstrings in Resources */ = {isa = PBXBuildFile; fileRef = 75ECCD162C36D6D000D6D346 /* Localizable.xcstrings */; };
		75ECCD1A2C36F94800D6D346 /* BottomBarView.swift in Sources */ = {isa = PBXBuildFile; fileRef = 75ECCD192C36F94800D6D346 /* BottomBarView.swift */; };
		79D46076E61CE01A7716D506 /* Pods_demo_store_ios.framework in Frameworks */ = {isa = PBXBuildFile; fileRef = 8D65FBB29DC18ECADC9C8C94 /* Pods_demo_store_ios.framework */; };
/* End PBXBuildFile section */

/* Begin PBXContainerItemProxy section */
		75B935642C3564370063E814 /* PBXContainerItemProxy */ = {
			isa = PBXContainerItemProxy;
			containerPortal = 75B9354B2C3564360063E814 /* Project object */;
			proxyType = 1;
			remoteGlobalIDString = 75B935522C3564360063E814;
			remoteInfo = "demo-store-ios";
		};
		75B9356E2C3564370063E814 /* PBXContainerItemProxy */ = {
			isa = PBXContainerItemProxy;
			containerPortal = 75B9354B2C3564360063E814 /* Project object */;
			proxyType = 1;
			remoteGlobalIDString = 75B935522C3564360063E814;
			remoteInfo = "demo-store-ios";
		};
/* End PBXContainerItemProxy section */

/* Begin PBXFileReference section */
		09908BAF81F91172D8D6062C /* Pods_demo_store_iosTests.framework */ = {isa = PBXFileReference; explicitFileType = wrapper.framework; includeInIndex = 0; path = Pods_demo_store_iosTests.framework; sourceTree = BUILT_PRODUCTS_DIR; };
		1274DEF2C4D166945251575B /* Pods-demo-store-iosTests.debug.xcconfig */ = {isa = PBXFileReference; includeInIndex = 1; lastKnownFileType = text.xcconfig; name = "Pods-demo-store-iosTests.debug.xcconfig"; path = "Target Support Files/Pods-demo-store-iosTests/Pods-demo-store-iosTests.debug.xcconfig"; sourceTree = "<group>"; };
		739840337D708A49CB89DD90 /* Pods-demo-store-ios-demo-store-iosUITests.release.xcconfig */ = {isa = PBXFileReference; includeInIndex = 1; lastKnownFileType = text.xcconfig; name = "Pods-demo-store-ios-demo-store-iosUITests.release.xcconfig"; path = "Target Support Files/Pods-demo-store-ios-demo-store-iosUITests/Pods-demo-store-ios-demo-store-iosUITests.release.xcconfig"; sourceTree = "<group>"; };
		7559449E2C357E5C00C274C9 /* SplashScreenView.swift */ = {isa = PBXFileReference; lastKnownFileType = sourcecode.swift; path = SplashScreenView.swift; sourceTree = "<group>"; };
		755944A02C35822700C274C9 /* LaunchScreen.swift */ = {isa = PBXFileReference; lastKnownFileType = sourcecode.swift; path = LaunchScreen.swift; sourceTree = "<group>"; };
		75A3F41D2C38065000AAC175 /* AppDelegate.swift */ = {isa = PBXFileReference; lastKnownFileType = sourcecode.swift; path = AppDelegate.swift; sourceTree = "<group>"; };
		75B935532C3564360063E814 /* demo-store-ios.app */ = {isa = PBXFileReference; explicitFileType = wrapper.application; includeInIndex = 0; path = "demo-store-ios.app"; sourceTree = BUILT_PRODUCTS_DIR; };
		75B935562C3564360063E814 /* DemoStoreApp.swift */ = {isa = PBXFileReference; lastKnownFileType = sourcecode.swift; path = DemoStoreApp.swift; sourceTree = "<group>"; };
		75B935582C3564360063E814 /* ContentView.swift */ = {isa = PBXFileReference; lastKnownFileType = sourcecode.swift; path = ContentView.swift; sourceTree = "<group>"; };
		75B9355A2C3564370063E814 /* Assets.xcassets */ = {isa = PBXFileReference; lastKnownFileType = folder.assetcatalog; path = Assets.xcassets; sourceTree = "<group>"; };
		75B9355D2C3564370063E814 /* Preview Assets.xcassets */ = {isa = PBXFileReference; lastKnownFileType = folder.assetcatalog; path = "Preview Assets.xcassets"; sourceTree = "<group>"; };
		75B935632C3564370063E814 /* demo-store-iosTests.xctest */ = {isa = PBXFileReference; explicitFileType = wrapper.cfbundle; includeInIndex = 0; path = "demo-store-iosTests.xctest"; sourceTree = BUILT_PRODUCTS_DIR; };
		75B935672C3564370063E814 /* DemoStoreTests.swift */ = {isa = PBXFileReference; lastKnownFileType = sourcecode.swift; path = DemoStoreTests.swift; sourceTree = "<group>"; };
		75B9356D2C3564370063E814 /* demo-store-iosUITests.xctest */ = {isa = PBXFileReference; explicitFileType = wrapper.cfbundle; includeInIndex = 0; path = "demo-store-iosUITests.xctest"; sourceTree = BUILT_PRODUCTS_DIR; };
		75B935712C3564370063E814 /* DemoStoreUITests.swift */ = {isa = PBXFileReference; lastKnownFileType = sourcecode.swift; path = DemoStoreUITests.swift; sourceTree = "<group>"; };
		75B935732C3564370063E814 /* DemoStoreUITestsLaunchTests.swift */ = {isa = PBXFileReference; lastKnownFileType = sourcecode.swift; path = DemoStoreUITestsLaunchTests.swift; sourceTree = "<group>"; };
		75ECCD0A2C36BDF500D6D346 /* MainScreenView.swift */ = {isa = PBXFileReference; lastKnownFileType = sourcecode.swift; path = MainScreenView.swift; sourceTree = "<group>"; };
		75ECCD0F2C36BE2000D6D346 /* CatalogScreenView.swift */ = {isa = PBXFileReference; lastKnownFileType = sourcecode.swift; path = CatalogScreenView.swift; sourceTree = "<group>"; };
		75ECCD112C36BE2D00D6D346 /* CartScreenView.swift */ = {isa = PBXFileReference; lastKnownFileType = sourcecode.swift; path = CartScreenView.swift; sourceTree = "<group>"; };
		75ECCD132C36BE4300D6D346 /* SettingsScreenView.swift */ = {isa = PBXFileReference; lastKnownFileType = sourcecode.swift; path = SettingsScreenView.swift; sourceTree = "<group>"; };
		75ECCD162C36D6D000D6D346 /* Localizable.xcstrings */ = {isa = PBXFileReference; lastKnownFileType = text.json.xcstrings; path = Localizable.xcstrings; sourceTree = "<group>"; };
		75ECCD192C36F94800D6D346 /* BottomBarView.swift */ = {isa = PBXFileReference; lastKnownFileType = sourcecode.swift; path = BottomBarView.swift; sourceTree = "<group>"; };
		8D65FBB29DC18ECADC9C8C94 /* Pods_demo_store_ios.framework */ = {isa = PBXFileReference; explicitFileType = wrapper.framework; includeInIndex = 0; path = Pods_demo_store_ios.framework; sourceTree = BUILT_PRODUCTS_DIR; };
		A34899C8C386A23282313E5B /* Pods-demo-store-ios-demo-store-iosUITests.debug.xcconfig */ = {isa = PBXFileReference; includeInIndex = 1; lastKnownFileType = text.xcconfig; name = "Pods-demo-store-ios-demo-store-iosUITests.debug.xcconfig"; path = "Target Support Files/Pods-demo-store-ios-demo-store-iosUITests/Pods-demo-store-ios-demo-store-iosUITests.debug.xcconfig"; sourceTree = "<group>"; };
		AC654F53174F1754F6E72BDB /* Pods-demo-store-ios.release.xcconfig */ = {isa = PBXFileReference; includeInIndex = 1; lastKnownFileType = text.xcconfig; name = "Pods-demo-store-ios.release.xcconfig"; path = "Target Support Files/Pods-demo-store-ios/Pods-demo-store-ios.release.xcconfig"; sourceTree = "<group>"; };
		C20BDB80283375AFE665FF96 /* Pods-demo-store-ios.debug.xcconfig */ = {isa = PBXFileReference; includeInIndex = 1; lastKnownFileType = text.xcconfig; name = "Pods-demo-store-ios.debug.xcconfig"; path = "Target Support Files/Pods-demo-store-ios/Pods-demo-store-ios.debug.xcconfig"; sourceTree = "<group>"; };
		C9E9C6394B2311130D8A51BB /* Pods-demo-store-iosTests.release.xcconfig */ = {isa = PBXFileReference; includeInIndex = 1; lastKnownFileType = text.xcconfig; name = "Pods-demo-store-iosTests.release.xcconfig"; path = "Target Support Files/Pods-demo-store-iosTests/Pods-demo-store-iosTests.release.xcconfig"; sourceTree = "<group>"; };
		CF343FE4C1EB44258E4142CD /* Pods_demo_store_ios_demo_store_iosUITests.framework */ = {isa = PBXFileReference; explicitFileType = wrapper.framework; includeInIndex = 0; path = Pods_demo_store_ios_demo_store_iosUITests.framework; sourceTree = BUILT_PRODUCTS_DIR; };
/* End PBXFileReference section */

/* Begin PBXFrameworksBuildPhase section */
		75B935502C3564360063E814 /* Frameworks */ = {
			isa = PBXFrameworksBuildPhase;
			buildActionMask = 2147483647;
			files = (
				79D46076E61CE01A7716D506 /* Pods_demo_store_ios.framework in Frameworks */,
			);
			runOnlyForDeploymentPostprocessing = 0;
		};
		75B935602C3564370063E814 /* Frameworks */ = {
			isa = PBXFrameworksBuildPhase;
			buildActionMask = 2147483647;
			files = (
				748A7C58839E67C62D21DB52 /* Pods_demo_store_iosTests.framework in Frameworks */,
			);
			runOnlyForDeploymentPostprocessing = 0;
		};
		75B9356A2C3564370063E814 /* Frameworks */ = {
			isa = PBXFrameworksBuildPhase;
			buildActionMask = 2147483647;
			files = (
				452CB1BD95293EB9465F6C4C /* Pods_demo_store_ios_demo_store_iosUITests.framework in Frameworks */,
			);
			runOnlyForDeploymentPostprocessing = 0;
		};
/* End PBXFrameworksBuildPhase section */

/* Begin PBXGroup section */
		7559449C2C357E1800C274C9 /* features */ = {
			isa = PBXGroup;
			children = (
				75ECCD0E2C36BE1000D6D346 /* settings */,
				75ECCD0D2C36BE0600D6D346 /* cart */,
				75ECCD0C2C36BDFF00D6D346 /* catalog */,
				755944A22C35858C00C274C9 /* main */,
				7559449D2C357E4300C274C9 /* splash */,
			);
			path = features;
			sourceTree = "<group>";
		};
		7559449D2C357E4300C274C9 /* splash */ = {
			isa = PBXGroup;
			children = (
				7559449E2C357E5C00C274C9 /* SplashScreenView.swift */,
				755944A02C35822700C274C9 /* LaunchScreen.swift */,
			);
			path = splash;
			sourceTree = "<group>";
		};
		755944A22C35858C00C274C9 /* main */ = {
			isa = PBXGroup;
			children = (
				75ECCD0A2C36BDF500D6D346 /* MainScreenView.swift */,
			);
			path = main;
			sourceTree = "<group>";
		};
		755944A32C35883F00C274C9 /* utils */ = {
			isa = PBXGroup;
			children = (
			);
			path = utils;
			sourceTree = "<group>";
		};
		75B9354A2C3564360063E814 = {
			isa = PBXGroup;
			children = (
				75ECCD152C36D6B400D6D346 /* resources */,
				75B935552C3564360063E814 /* demo-store-ios */,
				75B935662C3564370063E814 /* demo-store-iosTests */,
				75B935702C3564370063E814 /* demo-store-iosUITests */,
				75B935542C3564360063E814 /* Products */,
				8FED5CC7CDC6607CEFB8FDC9 /* Pods */,
				ECE8154AB54931A903490932 /* Frameworks */,
			);
			sourceTree = "<group>";
		};
		75B935542C3564360063E814 /* Products */ = {
			isa = PBXGroup;
			children = (
				75B935532C3564360063E814 /* demo-store-ios.app */,
				75B935632C3564370063E814 /* demo-store-iosTests.xctest */,
				75B9356D2C3564370063E814 /* demo-store-iosUITests.xctest */,
			);
			name = Products;
			sourceTree = "<group>";
		};
		75B935552C3564360063E814 /* demo-store-ios */ = {
			isa = PBXGroup;
			children = (
				75ECCD1B2C37F09100D6D346 /* di */,
				75ECCD182C36F92A00D6D346 /* navigation */,
				755944A32C35883F00C274C9 /* utils */,
				7559449C2C357E1800C274C9 /* features */,
				75B935562C3564360063E814 /* DemoStoreApp.swift */,
				75A3F41D2C38065000AAC175 /* AppDelegate.swift */,
				75B935582C3564360063E814 /* ContentView.swift */,
				75B9355A2C3564370063E814 /* Assets.xcassets */,
				75B9355C2C3564370063E814 /* Preview Content */,
			);
			path = "demo-store-ios";
			sourceTree = "<group>";
		};
		75B9355C2C3564370063E814 /* Preview Content */ = {
			isa = PBXGroup;
			children = (
				75B9355D2C3564370063E814 /* Preview Assets.xcassets */,
			);
			path = "Preview Content";
			sourceTree = "<group>";
		};
		75B935662C3564370063E814 /* demo-store-iosTests */ = {
			isa = PBXGroup;
			children = (
				75B935672C3564370063E814 /* DemoStoreTests.swift */,
			);
			path = "demo-store-iosTests";
			sourceTree = "<group>";
		};
		75B935702C3564370063E814 /* demo-store-iosUITests */ = {
			isa = PBXGroup;
			children = (
				75B935712C3564370063E814 /* DemoStoreUITests.swift */,
				75B935732C3564370063E814 /* DemoStoreUITestsLaunchTests.swift */,
			);
			path = "demo-store-iosUITests";
			sourceTree = "<group>";
		};
		75ECCD0C2C36BDFF00D6D346 /* catalog */ = {
			isa = PBXGroup;
			children = (
				75ECCD0F2C36BE2000D6D346 /* CatalogScreenView.swift */,
			);
			path = catalog;
			sourceTree = "<group>";
		};
		75ECCD0D2C36BE0600D6D346 /* cart */ = {
			isa = PBXGroup;
			children = (
				75ECCD112C36BE2D00D6D346 /* CartScreenView.swift */,
			);
			path = cart;
			sourceTree = "<group>";
		};
		75ECCD0E2C36BE1000D6D346 /* settings */ = {
			isa = PBXGroup;
			children = (
				75ECCD132C36BE4300D6D346 /* SettingsScreenView.swift */,
			);
			path = settings;
			sourceTree = "<group>";
		};
		75ECCD152C36D6B400D6D346 /* resources */ = {
			isa = PBXGroup;
			children = (
				75ECCD162C36D6D000D6D346 /* Localizable.xcstrings */,
			);
			path = resources;
			sourceTree = "<group>";
		};
		75ECCD182C36F92A00D6D346 /* navigation */ = {
			isa = PBXGroup;
			children = (
				75ECCD192C36F94800D6D346 /* BottomBarView.swift */,
			);
			path = navigation;
			sourceTree = "<group>";
		};
		75ECCD1B2C37F09100D6D346 /* di */ = {
			isa = PBXGroup;
			children = (
			);
			path = di;
			sourceTree = "<group>";
		};
		8FED5CC7CDC6607CEFB8FDC9 /* Pods */ = {
			isa = PBXGroup;
			children = (
				C20BDB80283375AFE665FF96 /* Pods-demo-store-ios.debug.xcconfig */,
				AC654F53174F1754F6E72BDB /* Pods-demo-store-ios.release.xcconfig */,
				A34899C8C386A23282313E5B /* Pods-demo-store-ios-demo-store-iosUITests.debug.xcconfig */,
				739840337D708A49CB89DD90 /* Pods-demo-store-ios-demo-store-iosUITests.release.xcconfig */,
				1274DEF2C4D166945251575B /* Pods-demo-store-iosTests.debug.xcconfig */,
				C9E9C6394B2311130D8A51BB /* Pods-demo-store-iosTests.release.xcconfig */,
			);
			path = Pods;
			sourceTree = "<group>";
		};
		ECE8154AB54931A903490932 /* Frameworks */ = {
			isa = PBXGroup;
			children = (
				8D65FBB29DC18ECADC9C8C94 /* Pods_demo_store_ios.framework */,
				CF343FE4C1EB44258E4142CD /* Pods_demo_store_ios_demo_store_iosUITests.framework */,
				09908BAF81F91172D8D6062C /* Pods_demo_store_iosTests.framework */,
			);
			name = Frameworks;
			sourceTree = "<group>";
		};
/* End PBXGroup section */

/* Begin PBXNativeTarget section */
		75B935522C3564360063E814 /* demo-store-ios */ = {
			isa = PBXNativeTarget;
			buildConfigurationList = 75B935772C3564370063E814 /* Build configuration list for PBXNativeTarget "demo-store-ios" */;
			buildPhases = (
				84C46F9393C00966419B7A98 /* [CP] Check Pods Manifest.lock */,
				75B9354F2C3564360063E814 /* Sources */,
				75B935502C3564360063E814 /* Frameworks */,
				75B935512C3564360063E814 /* Resources */,
				2ADA2F5588F90BD1D09FAC65 /* [CP] Embed Pods Frameworks */,
			);
			buildRules = (
			);
			dependencies = (
			);
			name = "demo-store-ios";
			productName = "demo-store-ios";
			productReference = 75B935532C3564360063E814 /* demo-store-ios.app */;
			productType = "com.apple.product-type.application";
		};
		75B935622C3564370063E814 /* demo-store-iosTests */ = {
			isa = PBXNativeTarget;
			buildConfigurationList = 75B9357A2C3564370063E814 /* Build configuration list for PBXNativeTarget "demo-store-iosTests" */;
			buildPhases = (
				251E42C90244B36005A0714D /* [CP] Check Pods Manifest.lock */,
				75B9355F2C3564370063E814 /* Sources */,
				75B935602C3564370063E814 /* Frameworks */,
				75B935612C3564370063E814 /* Resources */,
			);
			buildRules = (
			);
			dependencies = (
				75B935652C3564370063E814 /* PBXTargetDependency */,
			);
			name = "demo-store-iosTests";
			productName = "demo-store-iosTests";
			productReference = 75B935632C3564370063E814 /* demo-store-iosTests.xctest */;
			productType = "com.apple.product-type.bundle.unit-test";
		};
		75B9356C2C3564370063E814 /* demo-store-iosUITests */ = {
			isa = PBXNativeTarget;
			buildConfigurationList = 75B9357D2C3564370063E814 /* Build configuration list for PBXNativeTarget "demo-store-iosUITests" */;
			buildPhases = (
				015848CBDF21FD718DE7DB55 /* [CP] Check Pods Manifest.lock */,
				75B935692C3564370063E814 /* Sources */,
				75B9356A2C3564370063E814 /* Frameworks */,
				75B9356B2C3564370063E814 /* Resources */,
				C5E77A6A7EE6A0583845799D /* [CP] Embed Pods Frameworks */,
			);
			buildRules = (
			);
			dependencies = (
				75B9356F2C3564370063E814 /* PBXTargetDependency */,
			);
			name = "demo-store-iosUITests";
			productName = "demo-store-iosUITests";
			productReference = 75B9356D2C3564370063E814 /* demo-store-iosUITests.xctest */;
			productType = "com.apple.product-type.bundle.ui-testing";
		};
/* End PBXNativeTarget section */

/* Begin PBXProject section */
		75B9354B2C3564360063E814 /* Project object */ = {
			isa = PBXProject;
			attributes = {
				BuildIndependentTargetsInParallel = 1;
				LastSwiftUpdateCheck = 1540;
				LastUpgradeCheck = 1540;
				TargetAttributes = {
					75B935522C3564360063E814 = {
						CreatedOnToolsVersion = 15.4;
					};
					75B935622C3564370063E814 = {
						CreatedOnToolsVersion = 15.4;
						TestTargetID = 75B935522C3564360063E814;
					};
					75B9356C2C3564370063E814 = {
						CreatedOnToolsVersion = 15.4;
						TestTargetID = 75B935522C3564360063E814;
					};
				};
			};
			buildConfigurationList = 75B9354E2C3564360063E814 /* Build configuration list for PBXProject "demo-store-ios" */;
			compatibilityVersion = "Xcode 14.0";
			developmentRegion = en;
			hasScannedForEncodings = 0;
			knownRegions = (
				en,
				Base,
			);
			mainGroup = 75B9354A2C3564360063E814;
			productRefGroup = 75B935542C3564360063E814 /* Products */;
			projectDirPath = "";
			projectRoot = "";
			targets = (
				75B935522C3564360063E814 /* demo-store-ios */,
				75B935622C3564370063E814 /* demo-store-iosTests */,
				75B9356C2C3564370063E814 /* demo-store-iosUITests */,
			);
		};
/* End PBXProject section */

/* Begin PBXResourcesBuildPhase section */
		75B935512C3564360063E814 /* Resources */ = {
			isa = PBXResourcesBuildPhase;
			buildActionMask = 2147483647;
			files = (
				75B9355E2C3564370063E814 /* Preview Assets.xcassets in Resources */,
				75B9355B2C3564370063E814 /* Assets.xcassets in Resources */,
				75ECCD172C36D6D000D6D346 /* Localizable.xcstrings in Resources */,
			);
			runOnlyForDeploymentPostprocessing = 0;
		};
		75B935612C3564370063E814 /* Resources */ = {
			isa = PBXResourcesBuildPhase;
			buildActionMask = 2147483647;
			files = (
			);
			runOnlyForDeploymentPostprocessing = 0;
		};
		75B9356B2C3564370063E814 /* Resources */ = {
			isa = PBXResourcesBuildPhase;
			buildActionMask = 2147483647;
			files = (
			);
			runOnlyForDeploymentPostprocessing = 0;
		};
/* End PBXResourcesBuildPhase section */

/* Begin PBXShellScriptBuildPhase section */
		015848CBDF21FD718DE7DB55 /* [CP] Check Pods Manifest.lock */ = {
			isa = PBXShellScriptBuildPhase;
			buildActionMask = 2147483647;
			files = (
			);
			inputFileListPaths = (
			);
			inputPaths = (
				"${PODS_PODFILE_DIR_PATH}/Podfile.lock",
				"${PODS_ROOT}/Manifest.lock",
			);
			name = "[CP] Check Pods Manifest.lock";
			outputFileListPaths = (
			);
			outputPaths = (
				"$(DERIVED_FILE_DIR)/Pods-demo-store-ios-demo-store-iosUITests-checkManifestLockResult.txt",
			);
			runOnlyForDeploymentPostprocessing = 0;
			shellPath = /bin/sh;
			shellScript = "diff \"${PODS_PODFILE_DIR_PATH}/Podfile.lock\" \"${PODS_ROOT}/Manifest.lock\" > /dev/null\nif [ $? != 0 ] ; then\n    # print error to STDERR\n    echo \"error: The sandbox is not in sync with the Podfile.lock. Run 'pod install' or update your CocoaPods installation.\" >&2\n    exit 1\nfi\n# This output is used by Xcode 'outputs' to avoid re-running this script phase.\necho \"SUCCESS\" > \"${SCRIPT_OUTPUT_FILE_0}\"\n";
			showEnvVarsInLog = 0;
		};
		251E42C90244B36005A0714D /* [CP] Check Pods Manifest.lock */ = {
			isa = PBXShellScriptBuildPhase;
			buildActionMask = 2147483647;
			files = (
			);
			inputFileListPaths = (
			);
			inputPaths = (
				"${PODS_PODFILE_DIR_PATH}/Podfile.lock",
				"${PODS_ROOT}/Manifest.lock",
			);
			name = "[CP] Check Pods Manifest.lock";
			outputFileListPaths = (
			);
			outputPaths = (
				"$(DERIVED_FILE_DIR)/Pods-demo-store-iosTests-checkManifestLockResult.txt",
			);
			runOnlyForDeploymentPostprocessing = 0;
			shellPath = /bin/sh;
			shellScript = "diff \"${PODS_PODFILE_DIR_PATH}/Podfile.lock\" \"${PODS_ROOT}/Manifest.lock\" > /dev/null\nif [ $? != 0 ] ; then\n    # print error to STDERR\n    echo \"error: The sandbox is not in sync with the Podfile.lock. Run 'pod install' or update your CocoaPods installation.\" >&2\n    exit 1\nfi\n# This output is used by Xcode 'outputs' to avoid re-running this script phase.\necho \"SUCCESS\" > \"${SCRIPT_OUTPUT_FILE_0}\"\n";
			showEnvVarsInLog = 0;
		};
		2ADA2F5588F90BD1D09FAC65 /* [CP] Embed Pods Frameworks */ = {
			isa = PBXShellScriptBuildPhase;
			buildActionMask = 2147483647;
			files = (
			);
			inputFileListPaths = (
				"${PODS_ROOT}/Target Support Files/Pods-demo-store-ios/Pods-demo-store-ios-frameworks-${CONFIGURATION}-input-files.xcfilelist",
			);
			name = "[CP] Embed Pods Frameworks";
			outputFileListPaths = (
				"${PODS_ROOT}/Target Support Files/Pods-demo-store-ios/Pods-demo-store-ios-frameworks-${CONFIGURATION}-output-files.xcfilelist",
			);
			runOnlyForDeploymentPostprocessing = 0;
			shellPath = /bin/sh;
			shellScript = "\"${PODS_ROOT}/Target Support Files/Pods-demo-store-ios/Pods-demo-store-ios-frameworks.sh\"\n";
			showEnvVarsInLog = 0;
		};
		84C46F9393C00966419B7A98 /* [CP] Check Pods Manifest.lock */ = {
			isa = PBXShellScriptBuildPhase;
			buildActionMask = 2147483647;
			files = (
			);
			inputFileListPaths = (
			);
			inputPaths = (
				"${PODS_PODFILE_DIR_PATH}/Podfile.lock",
				"${PODS_ROOT}/Manifest.lock",
			);
			name = "[CP] Check Pods Manifest.lock";
			outputFileListPaths = (
			);
			outputPaths = (
				"$(DERIVED_FILE_DIR)/Pods-demo-store-ios-checkManifestLockResult.txt",
			);
			runOnlyForDeploymentPostprocessing = 0;
			shellPath = /bin/sh;
			shellScript = "diff \"${PODS_PODFILE_DIR_PATH}/Podfile.lock\" \"${PODS_ROOT}/Manifest.lock\" > /dev/null\nif [ $? != 0 ] ; then\n    # print error to STDERR\n    echo \"error: The sandbox is not in sync with the Podfile.lock. Run 'pod install' or update your CocoaPods installation.\" >&2\n    exit 1\nfi\n# This output is used by Xcode 'outputs' to avoid re-running this script phase.\necho \"SUCCESS\" > \"${SCRIPT_OUTPUT_FILE_0}\"\n";
			showEnvVarsInLog = 0;
		};
		C5E77A6A7EE6A0583845799D /* [CP] Embed Pods Frameworks */ = {
			isa = PBXShellScriptBuildPhase;
			buildActionMask = 2147483647;
			files = (
			);
			inputFileListPaths = (
				"${PODS_ROOT}/Target Support Files/Pods-demo-store-ios-demo-store-iosUITests/Pods-demo-store-ios-demo-store-iosUITests-frameworks-${CONFIGURATION}-input-files.xcfilelist",
			);
			name = "[CP] Embed Pods Frameworks";
			outputFileListPaths = (
				"${PODS_ROOT}/Target Support Files/Pods-demo-store-ios-demo-store-iosUITests/Pods-demo-store-ios-demo-store-iosUITests-frameworks-${CONFIGURATION}-output-files.xcfilelist",
			);
			runOnlyForDeploymentPostprocessing = 0;
			shellPath = /bin/sh;
			shellScript = "\"${PODS_ROOT}/Target Support Files/Pods-demo-store-ios-demo-store-iosUITests/Pods-demo-store-ios-demo-store-iosUITests-frameworks.sh\"\n";
			showEnvVarsInLog = 0;
		};
/* End PBXShellScriptBuildPhase section */

/* Begin PBXSourcesBuildPhase section */
		75B9354F2C3564360063E814 /* Sources */ = {
			isa = PBXSourcesBuildPhase;
			buildActionMask = 2147483647;
			files = (
				75ECCD1A2C36F94800D6D346 /* BottomBarView.swift in Sources */,
				75ECCD102C36BE2000D6D346 /* CatalogScreenView.swift in Sources */,
				755944A12C35822700C274C9 /* LaunchScreen.swift in Sources */,
				75ECCD0B2C36BDF500D6D346 /* MainScreenView.swift in Sources */,
				75ECCD122C36BE2D00D6D346 /* CartScreenView.swift in Sources */,
				75B935592C3564360063E814 /* ContentView.swift in Sources */,
				75B935572C3564360063E814 /* DemoStoreApp.swift in Sources */,
				7559449F2C357E5C00C274C9 /* SplashScreenView.swift in Sources */,
				75A3F41E2C38065000AAC175 /* AppDelegate.swift in Sources */,
				75ECCD142C36BE4300D6D346 /* SettingsScreenView.swift in Sources */,
			);
			runOnlyForDeploymentPostprocessing = 0;
		};
		75B9355F2C3564370063E814 /* Sources */ = {
			isa = PBXSourcesBuildPhase;
			buildActionMask = 2147483647;
			files = (
				75B935682C3564370063E814 /* DemoStoreTests.swift in Sources */,
			);
			runOnlyForDeploymentPostprocessing = 0;
		};
		75B935692C3564370063E814 /* Sources */ = {
			isa = PBXSourcesBuildPhase;
			buildActionMask = 2147483647;
			files = (
				75B935722C3564370063E814 /* DemoStoreUITests.swift in Sources */,
				75B935742C3564370063E814 /* DemoStoreUITestsLaunchTests.swift in Sources */,
			);
			runOnlyForDeploymentPostprocessing = 0;
		};
/* End PBXSourcesBuildPhase section */

/* Begin PBXTargetDependency section */
		75B935652C3564370063E814 /* PBXTargetDependency */ = {
			isa = PBXTargetDependency;
			target = 75B935522C3564360063E814 /* demo-store-ios */;
			targetProxy = 75B935642C3564370063E814 /* PBXContainerItemProxy */;
		};
		75B9356F2C3564370063E814 /* PBXTargetDependency */ = {
			isa = PBXTargetDependency;
			target = 75B935522C3564360063E814 /* demo-store-ios */;
			targetProxy = 75B9356E2C3564370063E814 /* PBXContainerItemProxy */;
		};
/* End PBXTargetDependency section */

/* Begin XCBuildConfiguration section */
		75B935752C3564370063E814 /* Debug */ = {
			isa = XCBuildConfiguration;
			buildSettings = {
				ALWAYS_SEARCH_USER_PATHS = NO;
				ASSETCATALOG_COMPILER_GENERATE_SWIFT_ASSET_SYMBOL_EXTENSIONS = YES;
				CLANG_ANALYZER_NONNULL = YES;
				CLANG_ANALYZER_NUMBER_OBJECT_CONVERSION = YES_AGGRESSIVE;
				CLANG_CXX_LANGUAGE_STANDARD = "gnu++20";
				CLANG_ENABLE_MODULES = YES;
				CLANG_ENABLE_OBJC_ARC = YES;
				CLANG_ENABLE_OBJC_WEAK = YES;
				CLANG_WARN_BLOCK_CAPTURE_AUTORELEASING = YES;
				CLANG_WARN_BOOL_CONVERSION = YES;
				CLANG_WARN_COMMA = YES;
				CLANG_WARN_CONSTANT_CONVERSION = YES;
				CLANG_WARN_DEPRECATED_OBJC_IMPLEMENTATIONS = YES;
				CLANG_WARN_DIRECT_OBJC_ISA_USAGE = YES_ERROR;
				CLANG_WARN_DOCUMENTATION_COMMENTS = YES;
				CLANG_WARN_EMPTY_BODY = YES;
				CLANG_WARN_ENUM_CONVERSION = YES;
				CLANG_WARN_INFINITE_RECURSION = YES;
				CLANG_WARN_INT_CONVERSION = YES;
				CLANG_WARN_NON_LITERAL_NULL_CONVERSION = YES;
				CLANG_WARN_OBJC_IMPLICIT_RETAIN_SELF = YES;
				CLANG_WARN_OBJC_LITERAL_CONVERSION = YES;
				CLANG_WARN_OBJC_ROOT_CLASS = YES_ERROR;
				CLANG_WARN_QUOTED_INCLUDE_IN_FRAMEWORK_HEADER = YES;
				CLANG_WARN_RANGE_LOOP_ANALYSIS = YES;
				CLANG_WARN_STRICT_PROTOTYPES = YES;
				CLANG_WARN_SUSPICIOUS_MOVE = YES;
				CLANG_WARN_UNGUARDED_AVAILABILITY = YES_AGGRESSIVE;
				CLANG_WARN_UNREACHABLE_CODE = YES;
				CLANG_WARN__DUPLICATE_METHOD_MATCH = YES;
				COPY_PHASE_STRIP = NO;
				DEBUG_INFORMATION_FORMAT = dwarf;
				ENABLE_STRICT_OBJC_MSGSEND = YES;
				ENABLE_TESTABILITY = YES;
				ENABLE_USER_SCRIPT_SANDBOXING = NO;
				GCC_C_LANGUAGE_STANDARD = gnu17;
				GCC_DYNAMIC_NO_PIC = NO;
				GCC_NO_COMMON_BLOCKS = YES;
				GCC_OPTIMIZATION_LEVEL = 0;
				GCC_PREPROCESSOR_DEFINITIONS = (
					"DEBUG=1",
					"$(inherited)",
				);
				GCC_WARN_64_TO_32_BIT_CONVERSION = YES;
				GCC_WARN_ABOUT_RETURN_TYPE = YES_ERROR;
				GCC_WARN_UNDECLARED_SELECTOR = YES;
				GCC_WARN_UNINITIALIZED_AUTOS = YES_AGGRESSIVE;
				GCC_WARN_UNUSED_FUNCTION = YES;
				GCC_WARN_UNUSED_VARIABLE = YES;
				IPHONEOS_DEPLOYMENT_TARGET = 14.0;
				LOCALIZATION_PREFERS_STRING_CATALOGS = YES;
				MTL_ENABLE_DEBUG_INFO = INCLUDE_SOURCE;
				MTL_FAST_MATH = YES;
				ONLY_ACTIVE_ARCH = YES;
				SDKROOT = iphoneos;
				SWIFT_ACTIVE_COMPILATION_CONDITIONS = "DEBUG $(inherited)";
				SWIFT_OPTIMIZATION_LEVEL = "-Onone";
			};
			name = Debug;
		};
		75B935762C3564370063E814 /* Release */ = {
			isa = XCBuildConfiguration;
			buildSettings = {
				ALWAYS_SEARCH_USER_PATHS = NO;
				ASSETCATALOG_COMPILER_GENERATE_SWIFT_ASSET_SYMBOL_EXTENSIONS = YES;
				CLANG_ANALYZER_NONNULL = YES;
				CLANG_ANALYZER_NUMBER_OBJECT_CONVERSION = YES_AGGRESSIVE;
				CLANG_CXX_LANGUAGE_STANDARD = "gnu++20";
				CLANG_ENABLE_MODULES = YES;
				CLANG_ENABLE_OBJC_ARC = YES;
				CLANG_ENABLE_OBJC_WEAK = YES;
				CLANG_WARN_BLOCK_CAPTURE_AUTORELEASING = YES;
				CLANG_WARN_BOOL_CONVERSION = YES;
				CLANG_WARN_COMMA = YES;
				CLANG_WARN_CONSTANT_CONVERSION = YES;
				CLANG_WARN_DEPRECATED_OBJC_IMPLEMENTATIONS = YES;
				CLANG_WARN_DIRECT_OBJC_ISA_USAGE = YES_ERROR;
				CLANG_WARN_DOCUMENTATION_COMMENTS = YES;
				CLANG_WARN_EMPTY_BODY = YES;
				CLANG_WARN_ENUM_CONVERSION = YES;
				CLANG_WARN_INFINITE_RECURSION = YES;
				CLANG_WARN_INT_CONVERSION = YES;
				CLANG_WARN_NON_LITERAL_NULL_CONVERSION = YES;
				CLANG_WARN_OBJC_IMPLICIT_RETAIN_SELF = YES;
				CLANG_WARN_OBJC_LITERAL_CONVERSION = YES;
				CLANG_WARN_OBJC_ROOT_CLASS = YES_ERROR;
				CLANG_WARN_QUOTED_INCLUDE_IN_FRAMEWORK_HEADER = YES;
				CLANG_WARN_RANGE_LOOP_ANALYSIS = YES;
				CLANG_WARN_STRICT_PROTOTYPES = YES;
				CLANG_WARN_SUSPICIOUS_MOVE = YES;
				CLANG_WARN_UNGUARDED_AVAILABILITY = YES_AGGRESSIVE;
				CLANG_WARN_UNREACHABLE_CODE = YES;
				CLANG_WARN__DUPLICATE_METHOD_MATCH = YES;
				COPY_PHASE_STRIP = NO;
				DEBUG_INFORMATION_FORMAT = "dwarf-with-dsym";
				ENABLE_NS_ASSERTIONS = NO;
				ENABLE_STRICT_OBJC_MSGSEND = YES;
				ENABLE_USER_SCRIPT_SANDBOXING = NO;
				GCC_C_LANGUAGE_STANDARD = gnu17;
				GCC_NO_COMMON_BLOCKS = YES;
				GCC_WARN_64_TO_32_BIT_CONVERSION = YES;
				GCC_WARN_ABOUT_RETURN_TYPE = YES_ERROR;
				GCC_WARN_UNDECLARED_SELECTOR = YES;
				GCC_WARN_UNINITIALIZED_AUTOS = YES_AGGRESSIVE;
				GCC_WARN_UNUSED_FUNCTION = YES;
				GCC_WARN_UNUSED_VARIABLE = YES;
				IPHONEOS_DEPLOYMENT_TARGET = 14.0;
				LOCALIZATION_PREFERS_STRING_CATALOGS = YES;
				MTL_ENABLE_DEBUG_INFO = NO;
				MTL_FAST_MATH = YES;
				SDKROOT = iphoneos;
				SWIFT_COMPILATION_MODE = wholemodule;
				VALIDATE_PRODUCT = YES;
			};
			name = Release;
		};
		75B935782C3564370063E814 /* Debug */ = {
			isa = XCBuildConfiguration;
			baseConfigurationReference = C20BDB80283375AFE665FF96 /* Pods-demo-store-ios.debug.xcconfig */;
			buildSettings = {
				ASSETCATALOG_COMPILER_APPICON_NAME = AppIcon;
				ASSETCATALOG_COMPILER_GLOBAL_ACCENT_COLOR_NAME = AccentColor;
				CODE_SIGN_STYLE = Automatic;
				CURRENT_PROJECT_VERSION = 1;
				DEVELOPMENT_ASSET_PATHS = "\"demo-store-ios/Preview Content\"";
				ENABLE_PREVIEWS = YES;
				GENERATE_INFOPLIST_FILE = YES;
				INFOPLIST_KEY_CFBundleDisplayName = "Demo store";
				INFOPLIST_KEY_UIApplicationSceneManifest_Generation = YES;
				INFOPLIST_KEY_UIApplicationSupportsIndirectInputEvents = YES;
				INFOPLIST_KEY_UILaunchScreen_Generation = YES;
				INFOPLIST_KEY_UISupportedInterfaceOrientations_iPad = "UIInterfaceOrientationPortrait UIInterfaceOrientationPortraitUpsideDown UIInterfaceOrientationLandscapeLeft UIInterfaceOrientationLandscapeRight";
				INFOPLIST_KEY_UISupportedInterfaceOrientations_iPhone = "UIInterfaceOrientationPortrait UIInterfaceOrientationLandscapeLeft UIInterfaceOrientationLandscapeRight";
				LD_RUNPATH_SEARCH_PATHS = (
					"$(inherited)",
					"@executable_path/Frameworks",
				);
				MARKETING_VERSION = 1.0;
				PRODUCT_BUNDLE_IDENTIFIER = "demo-store.demo-store-ios";
				PRODUCT_NAME = "$(TARGET_NAME)";
				SWIFT_EMIT_LOC_STRINGS = YES;
				SWIFT_VERSION = 5.0;
				TARGETED_DEVICE_FAMILY = "1,2";
			};
			name = Debug;
		};
		75B935792C3564370063E814 /* Release */ = {
			isa = XCBuildConfiguration;
			baseConfigurationReference = AC654F53174F1754F6E72BDB /* Pods-demo-store-ios.release.xcconfig */;
			buildSettings = {
				ASSETCATALOG_COMPILER_APPICON_NAME = AppIcon;
				ASSETCATALOG_COMPILER_GLOBAL_ACCENT_COLOR_NAME = AccentColor;
				CODE_SIGN_STYLE = Automatic;
				CURRENT_PROJECT_VERSION = 1;
				DEVELOPMENT_ASSET_PATHS = "\"demo-store-ios/Preview Content\"";
				ENABLE_PREVIEWS = YES;
				GENERATE_INFOPLIST_FILE = YES;
				INFOPLIST_KEY_CFBundleDisplayName = "Demo store";
				INFOPLIST_KEY_UIApplicationSceneManifest_Generation = YES;
				INFOPLIST_KEY_UIApplicationSupportsIndirectInputEvents = YES;
				INFOPLIST_KEY_UILaunchScreen_Generation = YES;
				INFOPLIST_KEY_UISupportedInterfaceOrientations_iPad = "UIInterfaceOrientationPortrait UIInterfaceOrientationPortraitUpsideDown UIInterfaceOrientationLandscapeLeft UIInterfaceOrientationLandscapeRight";
				INFOPLIST_KEY_UISupportedInterfaceOrientations_iPhone = "UIInterfaceOrientationPortrait UIInterfaceOrientationLandscapeLeft UIInterfaceOrientationLandscapeRight";
				LD_RUNPATH_SEARCH_PATHS = (
					"$(inherited)",
					"@executable_path/Frameworks",
				);
				MARKETING_VERSION = 1.0;
				PRODUCT_BUNDLE_IDENTIFIER = "demo-store.demo-store-ios";
				PRODUCT_NAME = "$(TARGET_NAME)";
				SWIFT_EMIT_LOC_STRINGS = YES;
				SWIFT_VERSION = 5.0;
				TARGETED_DEVICE_FAMILY = "1,2";
			};
			name = Release;
		};
		75B9357B2C3564370063E814 /* Debug */ = {
			isa = XCBuildConfiguration;
			baseConfigurationReference = 1274DEF2C4D166945251575B /* Pods-demo-store-iosTests.debug.xcconfig */;
			buildSettings = {
				ALWAYS_EMBED_SWIFT_STANDARD_LIBRARIES = YES;
				BUNDLE_LOADER = "$(TEST_HOST)";
				CODE_SIGN_STYLE = Automatic;
				CURRENT_PROJECT_VERSION = 1;
				GENERATE_INFOPLIST_FILE = YES;
				IPHONEOS_DEPLOYMENT_TARGET = 17.5;
				MARKETING_VERSION = 1.0;
				PRODUCT_BUNDLE_IDENTIFIER = "demo-store.demo-store-iosTests";
				PRODUCT_NAME = "$(TARGET_NAME)";
				SWIFT_EMIT_LOC_STRINGS = NO;
				SWIFT_VERSION = 5.0;
				TARGETED_DEVICE_FAMILY = "1,2";
				TEST_HOST = "$(BUILT_PRODUCTS_DIR)/demo-store-ios.app/$(BUNDLE_EXECUTABLE_FOLDER_PATH)/demo-store-ios";
			};
			name = Debug;
		};
		75B9357C2C3564370063E814 /* Release */ = {
			isa = XCBuildConfiguration;
			baseConfigurationReference = C9E9C6394B2311130D8A51BB /* Pods-demo-store-iosTests.release.xcconfig */;
			buildSettings = {
				ALWAYS_EMBED_SWIFT_STANDARD_LIBRARIES = YES;
				BUNDLE_LOADER = "$(TEST_HOST)";
				CODE_SIGN_STYLE = Automatic;
				CURRENT_PROJECT_VERSION = 1;
				GENERATE_INFOPLIST_FILE = YES;
				IPHONEOS_DEPLOYMENT_TARGET = 17.5;
				MARKETING_VERSION = 1.0;
				PRODUCT_BUNDLE_IDENTIFIER = "demo-store.demo-store-iosTests";
				PRODUCT_NAME = "$(TARGET_NAME)";
				SWIFT_EMIT_LOC_STRINGS = NO;
				SWIFT_VERSION = 5.0;
				TARGETED_DEVICE_FAMILY = "1,2";
				TEST_HOST = "$(BUILT_PRODUCTS_DIR)/demo-store-ios.app/$(BUNDLE_EXECUTABLE_FOLDER_PATH)/demo-store-ios";
			};
			name = Release;
		};
		75B9357E2C3564370063E814 /* Debug */ = {
			isa = XCBuildConfiguration;
			baseConfigurationReference = A34899C8C386A23282313E5B /* Pods-demo-store-ios-demo-store-iosUITests.debug.xcconfig */;
			buildSettings = {
				ALWAYS_EMBED_SWIFT_STANDARD_LIBRARIES = YES;
				CODE_SIGN_STYLE = Automatic;
				CURRENT_PROJECT_VERSION = 1;
				GENERATE_INFOPLIST_FILE = YES;
				MARKETING_VERSION = 1.0;
				PRODUCT_BUNDLE_IDENTIFIER = "demo-store.demo-store-iosUITests";
				PRODUCT_NAME = "$(TARGET_NAME)";
				SWIFT_EMIT_LOC_STRINGS = NO;
				SWIFT_VERSION = 5.0;
				TARGETED_DEVICE_FAMILY = "1,2";
				TEST_TARGET_NAME = "demo-store-ios";
			};
			name = Debug;
		};
		75B9357F2C3564370063E814 /* Release */ = {
			isa = XCBuildConfiguration;
			baseConfigurationReference = 739840337D708A49CB89DD90 /* Pods-demo-store-ios-demo-store-iosUITests.release.xcconfig */;
			buildSettings = {
				ALWAYS_EMBED_SWIFT_STANDARD_LIBRARIES = YES;
				CODE_SIGN_STYLE = Automatic;
				CURRENT_PROJECT_VERSION = 1;
				GENERATE_INFOPLIST_FILE = YES;
				MARKETING_VERSION = 1.0;
				PRODUCT_BUNDLE_IDENTIFIER = "demo-store.demo-store-iosUITests";
				PRODUCT_NAME = "$(TARGET_NAME)";
				SWIFT_EMIT_LOC_STRINGS = NO;
				SWIFT_VERSION = 5.0;
				TARGETED_DEVICE_FAMILY = "1,2";
				TEST_TARGET_NAME = "demo-store-ios";
			};
			name = Release;
		};
/* End XCBuildConfiguration section */

/* Begin XCConfigurationList section */
		75B9354E2C3564360063E814 /* Build configuration list for PBXProject "demo-store-ios" */ = {
			isa = XCConfigurationList;
			buildConfigurations = (
				75B935752C3564370063E814 /* Debug */,
				75B935762C3564370063E814 /* Release */,
			);
			defaultConfigurationIsVisible = 0;
			defaultConfigurationName = Release;
		};
		75B935772C3564370063E814 /* Build configuration list for PBXNativeTarget "demo-store-ios" */ = {
			isa = XCConfigurationList;
			buildConfigurations = (
				75B935782C3564370063E814 /* Debug */,
				75B935792C3564370063E814 /* Release */,
			);
			defaultConfigurationIsVisible = 0;
			defaultConfigurationName = Release;
		};
		75B9357A2C3564370063E814 /* Build configuration list for PBXNativeTarget "demo-store-iosTests" */ = {
			isa = XCConfigurationList;
			buildConfigurations = (
				75B9357B2C3564370063E814 /* Debug */,
				75B9357C2C3564370063E814 /* Release */,
			);
			defaultConfigurationIsVisible = 0;
			defaultConfigurationName = Release;
		};
		75B9357D2C3564370063E814 /* Build configuration list for PBXNativeTarget "demo-store-iosUITests" */ = {
			isa = XCConfigurationList;
			buildConfigurations = (
				75B9357E2C3564370063E814 /* Debug */,
				75B9357F2C3564370063E814 /* Release */,
			);
			defaultConfigurationIsVisible = 0;
			defaultConfigurationName = Release;
		};
/* End XCConfigurationList section */
	};
	rootObject = 75B9354B2C3564360063E814 /* Project object */;
}
