<?xml version="1.0" encoding="UTF-8"?>
<Scheme
   LastUpgradeVersion = "1540"
   version = "1.7">
   <BuildAction
      parallelizeBuildables = "YES"
      buildImplicitDependencies = "YES"
      buildArchitectures = "Automatic">
      <BuildActionEntries>
         <BuildActionEntry
            buildForTesting = "YES"
            buildForRunning = "YES"
            buildForProfiling = "YES"
            buildForArchiving = "YES"
            buildForAnalyzing = "YES">
            <BuildableReference
               BuildableIdentifier = "primary"
               BlueprintIdentifier = "75B935522C3564360063E814"
               BuildableName = "demo-store-ios.app"
               BlueprintName = "demo-store-ios"
               ReferencedContainer = "container:demo-store-ios.xcodeproj">
            </BuildableReference>
         </BuildActionEntry>
      </BuildActionEntries>
   </BuildAction>
   <TestAction
      buildConfiguration = "Debug"
      selectedDebuggerIdentifier = "Xcode.DebuggerFoundation.Debugger.LLDB"
      selectedLauncherIdentifier = "Xcode.DebuggerFoundation.Launcher.LLDB"
      shouldUseLaunchSchemeArgsEnv = "YES"
      shouldAutocreateTestPlan = "YES">
      <Testables>
         <TestableReference
            skipped = "NO"
            parallelizable = "YES">
            <BuildableReference
               BuildableIdentifier = "primary"
               BlueprintIdentifier = "75B935622C3564370063E814"
               BuildableName = "demo-store-iosTests.xctest"
               BlueprintName = "demo-store-iosTests"
               ReferencedContainer = "container:demo-store-ios.xcodeproj">
            </BuildableReference>
         </TestableReference>
         <TestableReference
            skipped = "NO"
            parallelizable = "YES">
            <BuildableReference
               BuildableIdentifier = "primary"
               BlueprintIdentifier = "75B9356C2C3564370063E814"
               BuildableName = "demo-store-iosUITests.xctest"
               BlueprintName = "demo-store-iosUITests"
               ReferencedContainer = "container:demo-store-ios.xcodeproj">
            </BuildableReference>
         </TestableReference>
      </Testables>
   </TestAction>
   <LaunchAction
      buildConfiguration = "Debug"
      selectedDebuggerIdentifier = "Xcode.DebuggerFoundation.Debugger.LLDB"
      selectedLauncherIdentifier = "Xcode.DebuggerFoundation.Launcher.LLDB"
      launchStyle = "0"
      useCustomWorkingDirectory = "NO"
      ignoresPersistentStateOnLaunch = "NO"
      debugDocumentVersioning = "YES"
      debugServiceExtension = "internal"
      allowLocationSimulation = "YES">
      <BuildableProductRunnable
         runnableDebuggingMode = "0">
         <BuildableReference
            BuildableIdentifier = "primary"
            BlueprintIdentifier = "75B935522C3564360063E814"
            BuildableName = "demo-store-ios.app"
            BlueprintName = "demo-store-ios"
            ReferencedContainer = "container:demo-store-ios.xcodeproj">
         </BuildableReference>
      </BuildableProductRunnable>
      <CommandLineArguments>
         <CommandLineArgument
            argument = ""
            isEnabled = "YES">
         </CommandLineArgument>
      </CommandLineArguments>
      <EnvironmentVariables>
         <EnvironmentVariable
            key = "STORIES_CODE"
            value = "fcaa8d3168ab7d7346e4b4f1a1c92214"
            isEnabled = "YES">
         </EnvironmentVariable>
         <EnvironmentVariable
            key = "SHOP_ID"
            value = "357382bf66ac0ce2f1722677c59511"
            isEnabled = "YES">
         </EnvironmentVariable>
         <EnvironmentVariable
            key = "API_DOMAIN_PATH"
            value = "api.rees46.ru"
            isEnabled = "YES">
         </EnvironmentVariable>
         <EnvironmentVariable
            key = "SDK_STREAM"
            value = "ios"
            isEnabled = "YES">
         </EnvironmentVariable>
         <EnvironmentVariable
            key = "NOTIFICATION_TYPE"
            value = "DEMO NOTIFICATION TYPE"
            isEnabled = "YES">
         </EnvironmentVariable>
         <EnvironmentVariable
            key = "BLOCK_ID"
            value = "977cb67194a72fdc7b424f49d69a862d"
            isEnabled = "YES">
         </EnvironmentVariable>
         <EnvironmentVariable
            key = "ARRIVALS_CODE"
            value = "655"
            isEnabled = "YES">
         </EnvironmentVariable>
         <EnvironmentVariable
            key = "RECOMMENDATION_CODE"
            value = "656"
            isEnabled = "YES">
         </EnvironmentVariable>
         <EnvironmentVariable
            key = "TOP_TRENDS_CODE"
            value = "654"
            isEnabled = "YES">
         </EnvironmentVariable>
         <EnvironmentVariable
            key = "IN_APP_NOTIFICATION_IMAGE_URL"
            value = "https://image.slidesharecdn.com/rees46productpresentation-151112180026-lva1-app6891/75/REES46-Product-Presentation-1-2048.jpg"
            isEnabled = "YES">
         </EnvironmentVariable>
      </EnvironmentVariables>
   </LaunchAction>
   <ProfileAction
      buildConfiguration = "Release"
      shouldUseLaunchSchemeArgsEnv = "YES"
      savedToolIdentifier = ""
      useCustomWorkingDirectory = "NO"
      debugDocumentVersioning = "YES">
      <BuildableProductRunnable
         runnableDebuggingMode = "0">
         <BuildableReference
            BuildableIdentifier = "primary"
            BlueprintIdentifier = "75B935522C3564360063E814"
            BuildableName = "demo-store-ios.app"
            BlueprintName = "demo-store-ios"
            ReferencedContainer = "container:demo-store-ios.xcodeproj">
         </BuildableReference>
      </BuildableProductRunnable>
   </ProfileAction>
   <AnalyzeAction
      buildConfiguration = "Debug">
   </AnalyzeAction>
   <ArchiveAction
      buildConfiguration = "Release"
      revealArchiveInOrganizer = "YES">
   </ArchiveAction>
</Scheme>
